<?xml version="1.0" encoding="utf-8"?>
<Project ToolsVersion="4.0" xmlns="http://schemas.microsoft.com/developer/msbuild/2003">
  <ItemGroup>
    <Filter Include="Source Files">
      <UniqueIdentifier>{4FC737F1-C7A5-4376-A066-2A32D752A2FF}</UniqueIdentifier>
      <Extensions>cpp;c;cc;cxx;c++;cppm;ixx;def;odl;idl;hpj;bat;asm;asmx</Extensions>
    </Filter>
    <Filter Include="Header Files">
      <UniqueIdentifier>{93995380-89BD-4b04-88EB-625FBE52EBFB}</UniqueIdentifier>
      <Extensions>h;hh;hpp;hxx;h++;hm;inl;inc;ipp;xsd</Extensions>
    </Filter>
    <Filter Include="Resource Files">
      <UniqueIdentifier>{67DA6AB6-F800-4c08-8B7A-83BB121AAD01}</UniqueIdentifier>
      <Extensions>rc;ico;cur;bmp;dlg;rc2;rct;bin;rgs;gif;jpg;jpeg;jpe;resx;tiff;tif;png;wav;mfcribbon-ms</Extensions>
    </Filter>
  </ItemGroup>
  <ItemGroup>
    <ClCompile Include="main.cpp">
      <Filter>Source Files</Filter>
    </ClCompile>
    <ClCompile Include="glad.c">
      <Filter>Source Files</Filter>
    </ClCompile>
  </ItemGroup>
  <ItemGroup>
    <ClInclude Include="stb_image.h">
      <Filter>Header Files</Filter>
    </ClInclude>
    <ClInclude Include="tiny_obj_loader.h">
      <Filter>Header Files</Filter>
    </ClInclude>
    <ClInclude Include="Dependencies\include\main.h">
      <Filter>Header Files</Filter>
    </ClInclude>
    <ClInclude Include="Dependencies\Shader.h">
      <Filter>Header Files</Filter>
    </ClInclude>
    <ClInclude Include="Classes\Classes.h">
      <Filter>Header Files</Filter>
    </ClInclude>
  </ItemGroup>
  <ItemGroup>
    <CopyFileToFolders Include="Shaders\skybox.frag" />
    <CopyFileToFolders Include="Shaders\skybox.vert" />
  </ItemGroup>
  <ItemGroup>
    <None Include="Shaders\objVert.vert" />
    <None Include="Shaders\objFrag.frag" />
    <None Include="3D\[] source zips\2004-volkswagen-passat-18t-obj.zip" />
    <None Include="3D\[] source zips\dado-obj.zip" />
    <None Include="3D\[] source zips\solaire-of-astora-obj-no-textures.zip" />
    <None Include="3D\[] source zips\submarine.zip" />
    <None Include="3D\[] source zips\treasure-chest-simple-low.zip" />
  </ItemGroup>
  <ItemGroup>
    <Image Include="3D\car\myImage.png">
      <Filter>Resource Files</Filter>
    </Image>
    <Image Include="3D\chest\sad_gouba.png">
      <Filter>Resource Files</Filter>
    </Image>
    <Image Include="3D\cube\DADO.jpg">
      <Filter>Resource Files</Filter>
    </Image>
    <Image Include="3D\donut\Gus.png">
      <Filter>Resource Files</Filter>
    </Image>
    <Image Include="3D\solaire\Peasant.jpg">
      <Filter>Resource Files</Filter>
    </Image>
    <Image Include="3D\sphere\lost_ark.jpg">
      <Filter>Resource Files</Filter>
    </Image>
    <Image Include="3D\submarine\submarine_submarine_BaseColor.png">
      <Filter>Resource Files</Filter>
    </Image>
    <Image Include="3D\submarine\submarine_submarine_Normal.png">
      <Filter>Resource Files</Filter>
    </Image>
  </ItemGroup>
  <ItemGroup>
    <Object Include="3D\car\PASSAT_OBJ.obj" />
    <Object Include="3D\chest\TreasureChestSimple.obj" />
    <Object Include="3D\cube\DADO.obj" />
    <Object Include="3D\donut\Donut.obj" />
    <Object Include="3D\solaire\SOLAIRE.obj" />
    <Object Include="3D\sphere\Sphere.obj" />
    <Object Include="3D\submarine\submarine.obj" />
  </ItemGroup>
</Project>